
Microsoft Visual Studio Solution File, Format Version 12.00
# Visual Studio Version 17
VisualStudioVersion = 17.3.32929.385
MinimumVisualStudioVersion = 10.0.40219.1
Project("{9A19103F-16F7-4668-BE54-9A1E7A4F7556}") = "PrivateTuition.Web", "PrivateTuition.Web.csproj", "{35041490-1B51-4876-9B53-C52E87A224C5}"
EndProject
Project("{9A19103F-16F7-4668-BE54-9A1E7A4F7556}") = "PrivateTuition.Entity", "..\PrivateTuition.Entity\PrivateTuition.Entity.csproj", "{E9D55186-E9E2-4EBC-94A8-3AEDD057C989}"
EndProject
Project("{9A19103F-16F7-4668-BE54-9A1E7A4F7556}") = "PrivateTuition.Data", "..\PrivateTuition.Data\PrivateTuition.Data.csproj", "{69952CE7-3345-4611-A7C5-0680EE81606E}"
EndProject
Project("{9A19103F-16F7-4668-BE54-9A1E7A4F7556}") = "PrivateTuition.Business", "..\PrivateTuition.Business\PrivateTuition.Business.csproj", "{92D17319-E1D5-4481-865E-DB6629DD6650}"
EndProject
Project("{9A19103F-16F7-4668-BE54-9A1E7A4F7556}") = "PrivateTuition.Core", "..\PrivateTuition.Core\PrivateTuition.Core.csproj", "{F4EB3DBE-CCDA-434F-B2BF-F5D63A3FEC1E}"
EndProject
Global
	GlobalSection(SolutionConfigurationPlatforms) = preSolution
		Debug|Any CPU = Debug|Any CPU
		Release|Any CPU = Release|Any CPU
	EndGlobalSection
	GlobalSection(ProjectConfigurationPlatforms) = postSolution
		{35041490-1B51-4876-9B53-C52E87A224C5}.Debug|Any CPU.ActiveCfg = Debug|Any CPU
		{35041490-1B51-4876-9B53-C52E87A224C5}.Debug|Any CPU.Build.0 = Debug|Any CPU
		{35041490-1B51-4876-9B53-C52E87A224C5}.Release|Any CPU.ActiveCfg = Release|Any CPU
		{35041490-1B51-4876-9B53-C52E87A224C5}.Release|Any CPU.Build.0 = Release|Any CPU
		{E9D55186-E9E2-4EBC-94A8-3AEDD057C989}.Debug|Any CPU.ActiveCfg = Debug|Any CPU
		{E9D55186-E9E2-4EBC-94A8-3AEDD057C989}.Debug|Any CPU.Build.0 = Debug|Any CPU
		{E9D55186-E9E2-4EBC-94A8-3AEDD057C989}.Release|Any CPU.ActiveCfg = Release|Any CPU
		{E9D55186-E9E2-4EBC-94A8-3AEDD057C989}.Release|Any CPU.Build.0 = Release|Any CPU
		{69952CE7-3345-4611-A7C5-0680EE81606E}.Debug|Any CPU.ActiveCfg = Debug|Any CPU
		{69952CE7-3345-4611-A7C5-0680EE81606E}.Debug|Any CPU.Build.0 = Debug|Any CPU
		{69952CE7-3345-4611-A7C5-0680EE81606E}.Release|Any CPU.ActiveCfg = Release|Any CPU
		{69952CE7-3345-4611-A7C5-0680EE81606E}.Release|Any CPU.Build.0 = Release|Any CPU
		{92D17319-E1D5-4481-865E-DB6629DD6650}.Debug|Any CPU.ActiveCfg = Debug|Any CPU
		{92D17319-E1D5-4481-865E-DB6629DD6650}.Debug|Any CPU.Build.0 = Debug|Any CPU
		{92D17319-E1D5-4481-865E-DB6629DD6650}.Release|Any CPU.ActiveCfg = Release|Any CPU
		{92D17319-E1D5-4481-865E-DB6629DD6650}.Release|Any CPU.Build.0 = Release|Any CPU
		{F4EB3DBE-CCDA-434F-B2BF-F5D63A3FEC1E}.Debug|Any CPU.ActiveCfg = Debug|Any CPU
		{F4EB3DBE-CCDA-434F-B2BF-F5D63A3FEC1E}.Debug|Any CPU.Build.0 = Debug|Any CPU
		{F4EB3DBE-CCDA-434F-B2BF-F5D63A3FEC1E}.Release|Any CPU.ActiveCfg = Release|Any CPU
		{F4EB3DBE-CCDA-434F-B2BF-F5D63A3FEC1E}.Release|Any CPU.Build.0 = Release|Any CPU
	EndGlobalSection
	GlobalSection(SolutionProperties) = preSolution
		HideSolutionNode = FALSE
	EndGlobalSection
	GlobalSection(ExtensibilityGlobals) = postSolution
		SolutionGuid = {7A5DFAAE-389A-4438-B55A-A90509E91AD0}
	EndGlobalSection
EndGlobal
